uuid: a8404774-8fc5-4a6b-b31f-743c85e6ef78
langcode: en
status: false
dependencies:
  module:
    - sb_core
  theme:
    - cesem
id: cesemlogoprojectblock
theme: cesem
region: footer
weight: -7
provider: null
plugin: project_block
settings:
  id: project_block
  label: 'Cesem logo project block'
  label_display: '0'
  provider: sb_core
visibility: {  }
