uuid: 69707e69-ccff-4e35-bfb6-359f81adb38f
langcode: en
status: true
dependencies:
  module:
    - sb_core
  theme:
    - cesem
id: cesempartnerblock
theme: cesem
region: footer
weight: 0
provider: null
plugin: partner_block
settings:
  id: partner_block
  label: 'Cesem Partner block'
  label_display: '0'
  provider: sb_core
visibility: {  }
